
Microsoft Visual Studio Solution File, Format Version 12.00
# Visual Studio Version 17
VisualStudioVersion = 17.4.33110.190
MinimumVisualStudioVersion = 10.0.40219.1
Project("{9A19103F-16F7-4668-BE54-9A1E7A4F7556}") = "ElevatorSimulatorAssessment", "ElevatorSimulatorAssessment\ElevatorSimulatorAssessment.csproj", "{3137C0D9-3EC3-4103-BEE6-3049DB2BE37E}"
EndProject
Project("{FAE04EC0-301F-11D3-BF4B-00C04F79EFBC}") = "ElevatorSimulatorAssessmentTests", "ElevatorSimulatorAssessmentTests\ElevatorSimulatorAssessmentTests.csproj", "{B6AD9D72-D66D-4839-ABF4-5DBAA29449DE}"
EndProject
Global
	GlobalSection(SolutionConfigurationPlatforms) = preSolution
		Debug|Any CPU = Debug|Any CPU
		Release|Any CPU = Release|Any CPU
	EndGlobalSection
	GlobalSection(ProjectConfigurationPlatforms) = postSolution
		{3137C0D9-3EC3-4103-BEE6-3049DB2BE37E}.Debug|Any CPU.ActiveCfg = Debug|Any CPU
		{3137C0D9-3EC3-4103-BEE6-3049DB2BE37E}.Debug|Any CPU.Build.0 = Debug|Any CPU
		{3137C0D9-3EC3-4103-BEE6-3049DB2BE37E}.Release|Any CPU.ActiveCfg = Release|Any CPU
		{3137C0D9-3EC3-4103-BEE6-3049DB2BE37E}.Release|Any CPU.Build.0 = Release|Any CPU
		{B6AD9D72-D66D-4839-ABF4-5DBAA29449DE}.Debug|Any CPU.ActiveCfg = Debug|Any CPU
		{B6AD9D72-D66D-4839-ABF4-5DBAA29449DE}.Debug|Any CPU.Build.0 = Debug|Any CPU
		{B6AD9D72-D66D-4839-ABF4-5DBAA29449DE}.Release|Any CPU.ActiveCfg = Release|Any CPU
		{B6AD9D72-D66D-4839-ABF4-5DBAA29449DE}.Release|Any CPU.Build.0 = Release|Any CPU
	EndGlobalSection
	GlobalSection(SolutionProperties) = preSolution
		HideSolutionNode = FALSE
	EndGlobalSection
	GlobalSection(ExtensibilityGlobals) = postSolution
		SolutionGuid = {C19501C2-2FFB-483F-A575-860E111E8427}
	EndGlobalSection
EndGlobal
